
Microsoft Visual Studio Solution File, Format Version 12.00
# Visual Studio Version 17
VisualStudioVersion = 17.0.31903.59
MinimumVisualStudioVersion = 10.0.40219.1
Project("{FAE04EC0-301F-11D3-BF4B-00C04F79EFBC}") = "Fintrak.Shared", "Fintrak.Shared\Fintrak.Shared.csproj", "{335CB95B-4C17-4551-82EF-D24B8AC2EE02}"
EndProject
Project("{FAE04EC0-301F-11D3-BF4B-00C04F79EFBC}") = "Fintrak.Api", "Fintrak.Api\Fintrak.Api.csproj", "{31484375-CF5B-4487-9775-5981561DE316}"
EndProject
Project("{FAE04EC0-301F-11D3-BF4B-00C04F79EFBC}") = "Fintrak.Client", "Fintrak.Client\Fintrak.Client.csproj", "{EC7AA5B4-1B7B-4E54-8F1E-AC107204CC6C}"
EndProject
Global
	GlobalSection(SolutionConfigurationPlatforms) = preSolution
		Debug|Any CPU = Debug|Any CPU
		Debug|x64 = Debug|x64
		Debug|x86 = Debug|x86
		Release|Any CPU = Release|Any CPU
		Release|x64 = Release|x64
		Release|x86 = Release|x86
	EndGlobalSection
	GlobalSection(ProjectConfigurationPlatforms) = postSolution
		{335CB95B-4C17-4551-82EF-D24B8AC2EE02}.Debug|Any CPU.ActiveCfg = Debug|Any CPU
		{335CB95B-4C17-4551-82EF-D24B8AC2EE02}.Debug|Any CPU.Build.0 = Debug|Any CPU
		{335CB95B-4C17-4551-82EF-D24B8AC2EE02}.Debug|x64.ActiveCfg = Debug|Any CPU
		{335CB95B-4C17-4551-82EF-D24B8AC2EE02}.Debug|x64.Build.0 = Debug|Any CPU
		{335CB95B-4C17-4551-82EF-D24B8AC2EE02}.Debug|x86.ActiveCfg = Debug|Any CPU
		{335CB95B-4C17-4551-82EF-D24B8AC2EE02}.Debug|x86.Build.0 = Debug|Any CPU
		{335CB95B-4C17-4551-82EF-D24B8AC2EE02}.Release|Any CPU.ActiveCfg = Release|Any CPU
		{335CB95B-4C17-4551-82EF-D24B8AC2EE02}.Release|Any CPU.Build.0 = Release|Any CPU
		{335CB95B-4C17-4551-82EF-D24B8AC2EE02}.Release|x64.ActiveCfg = Release|Any CPU
		{335CB95B-4C17-4551-82EF-D24B8AC2EE02}.Release|x64.Build.0 = Release|Any CPU
		{335CB95B-4C17-4551-82EF-D24B8AC2EE02}.Release|x86.ActiveCfg = Release|Any CPU
		{335CB95B-4C17-4551-82EF-D24B8AC2EE02}.Release|x86.Build.0 = Release|Any CPU
		{31484375-CF5B-4487-9775-5981561DE316}.Debug|Any CPU.ActiveCfg = Debug|Any CPU
		{31484375-CF5B-4487-9775-5981561DE316}.Debug|Any CPU.Build.0 = Debug|Any CPU
		{31484375-CF5B-4487-9775-5981561DE316}.Debug|x64.ActiveCfg = Debug|Any CPU
		{31484375-CF5B-4487-9775-5981561DE316}.Debug|x64.Build.0 = Debug|Any CPU
		{31484375-CF5B-4487-9775-5981561DE316}.Debug|x86.ActiveCfg = Debug|Any CPU
		{31484375-CF5B-4487-9775-5981561DE316}.Debug|x86.Build.0 = Debug|Any CPU
		{31484375-CF5B-4487-9775-5981561DE316}.Release|Any CPU.ActiveCfg = Release|Any CPU
		{31484375-CF5B-4487-9775-5981561DE316}.Release|Any CPU.Build.0 = Release|Any CPU
		{31484375-CF5B-4487-9775-5981561DE316}.Release|x64.ActiveCfg = Release|Any CPU
		{31484375-CF5B-4487-9775-5981561DE316}.Release|x64.Build.0 = Release|Any CPU
		{31484375-CF5B-4487-9775-5981561DE316}.Release|x86.ActiveCfg = Release|Any CPU
		{31484375-CF5B-4487-9775-5981561DE316}.Release|x86.Build.0 = Release|Any CPU
		{EC7AA5B4-1B7B-4E54-8F1E-AC107204CC6C}.Debug|Any CPU.ActiveCfg = Debug|Any CPU
		{EC7AA5B4-1B7B-4E54-8F1E-AC107204CC6C}.Debug|Any CPU.Build.0 = Debug|Any CPU
		{EC7AA5B4-1B7B-4E54-8F1E-AC107204CC6C}.Debug|x64.ActiveCfg = Debug|Any CPU
		{EC7AA5B4-1B7B-4E54-8F1E-AC107204CC6C}.Debug|x64.Build.0 = Debug|Any CPU
		{EC7AA5B4-1B7B-4E54-8F1E-AC107204CC6C}.Debug|x86.ActiveCfg = Debug|Any CPU
		{EC7AA5B4-1B7B-4E54-8F1E-AC107204CC6C}.Debug|x86.Build.0 = Debug|Any CPU
		{EC7AA5B4-1B7B-4E54-8F1E-AC107204CC6C}.Release|Any CPU.ActiveCfg = Release|Any CPU
		{EC7AA5B4-1B7B-4E54-8F1E-AC107204CC6C}.Release|Any CPU.Build.0 = Release|Any CPU
		{EC7AA5B4-1B7B-4E54-8F1E-AC107204CC6C}.Release|x64.ActiveCfg = Release|Any CPU
		{EC7AA5B4-1B7B-4E54-8F1E-AC107204CC6C}.Release|x64.Build.0 = Release|Any CPU
		{EC7AA5B4-1B7B-4E54-8F1E-AC107204CC6C}.Release|x86.ActiveCfg = Release|Any CPU
		{EC7AA5B4-1B7B-4E54-8F1E-AC107204CC6C}.Release|x86.Build.0 = Release|Any CPU
	EndGlobalSection
	GlobalSection(SolutionProperties) = preSolution
		HideSolutionNode = FALSE
	EndGlobalSection
EndGlobal
